// !$*UTF8*$!
{
	archiveVersion = 1;
	classes = {
	};
	objectVersion = 56;
	objects = {

/* Begin PBXBuildFile section */
		C113F8CA2B251D1F00F809FB /* SignInView.swift in Sources */ = {isa = PBXBuildFile; fileRef = C113F8C92B251D1F00F809FB /* SignInView.swift */; };
		C113F8D12B251DE300F809FB /* GFNextButton.swift in Sources */ = {isa = PBXBuildFile; fileRef = C113F8D02B251DE300F809FB /* GFNextButton.swift */; };
		C1277BC92B2BBDFE00A000D6 /* TabBarViewModel.swift in Sources */ = {isa = PBXBuildFile; fileRef = C1277BC82B2BBDFE00A000D6 /* TabBarViewModel.swift */; };
		C1277BCB2B2F69F400A000D6 /* SignInViewModel.swift in Sources */ = {isa = PBXBuildFile; fileRef = C1277BCA2B2F69F400A000D6 /* SignInViewModel.swift */; };
		C1277BCD2B2F6AEF00A000D6 /* TextBox.swift in Sources */ = {isa = PBXBuildFile; fileRef = C1277BCC2B2F6AEF00A000D6 /* TextBox.swift */; };
		C1277BCF2B2F794C00A000D6 /* BackGroundGradient.swift in Sources */ = {isa = PBXBuildFile; fileRef = C1277BCE2B2F794C00A000D6 /* BackGroundGradient.swift */; };
		C12AF3412B493F8800F7D618 /* TabBarView.swift in Sources */ = {isa = PBXBuildFile; fileRef = C12AF3402B493F8800F7D618 /* TabBarView.swift */; };
		C12AF3432B493F9800F7D618 /* TabBarItemView.swift in Sources */ = {isa = PBXBuildFile; fileRef = C12AF3422B493F9800F7D618 /* TabBarItemView.swift */; };
		C12AF3452B49412400F7D618 /* Constants.swift in Sources */ = {isa = PBXBuildFile; fileRef = C12AF3442B49412400F7D618 /* Constants.swift */; };
		C13A8DF22B263B8D00FA1725 /* OnBoardingViewContainer.swift in Sources */ = {isa = PBXBuildFile; fileRef = C13A8DF12B263B8D00FA1725 /* OnBoardingViewContainer.swift */; };
		C13A8DF42B264C4500FA1725 /* GetstartedBTN.swift in Sources */ = {isa = PBXBuildFile; fileRef = C13A8DF32B264C4500FA1725 /* GetstartedBTN.swift */; };
		C15D3A002B55B09A0079C1F2 /* SignUpView.swift in Sources */ = {isa = PBXBuildFile; fileRef = C15D39FF2B55B09A0079C1F2 /* SignUpView.swift */; };
		C15D3A032B55B3BE0079C1F2 /* SignUpViewModel.swift in Sources */ = {isa = PBXBuildFile; fileRef = C15D3A022B55B3BE0079C1F2 /* SignUpViewModel.swift */; };
		C183E2B82B28F24B006B0E59 /* FirebaseAnalytics in Frameworks */ = {isa = PBXBuildFile; productRef = C183E2B72B28F24B006B0E59 /* FirebaseAnalytics */; };
		C183E2BA2B28F24B006B0E59 /* FirebaseAnalyticsOnDeviceConversion in Frameworks */ = {isa = PBXBuildFile; productRef = C183E2B92B28F24B006B0E59 /* FirebaseAnalyticsOnDeviceConversion */; };
		C183E2BC2B28F24B006B0E59 /* FirebaseAnalyticsSwift in Frameworks */ = {isa = PBXBuildFile; productRef = C183E2BB2B28F24B006B0E59 /* FirebaseAnalyticsSwift */; };
		C183E2BE2B28F24B006B0E59 /* FirebaseAnalyticsWithoutAdIdSupport in Frameworks */ = {isa = PBXBuildFile; productRef = C183E2BD2B28F24B006B0E59 /* FirebaseAnalyticsWithoutAdIdSupport */; };
		C183E2C02B28F24B006B0E59 /* FirebaseAppCheck in Frameworks */ = {isa = PBXBuildFile; productRef = C183E2BF2B28F24B006B0E59 /* FirebaseAppCheck */; };
		C183E2C22B28F435006B0E59 /* GoogleService-Info.plist in Resources */ = {isa = PBXBuildFile; fileRef = C183E2C12B28F435006B0E59 /* GoogleService-Info.plist */; };
		C183E2C42B28F50A006B0E59 /* FirebaseAnalytics in Frameworks */ = {isa = PBXBuildFile; productRef = C183E2C32B28F50A006B0E59 /* FirebaseAnalytics */; };
		C183E2C62B28F50A006B0E59 /* FirebaseAnalyticsOnDeviceConversion in Frameworks */ = {isa = PBXBuildFile; productRef = C183E2C52B28F50A006B0E59 /* FirebaseAnalyticsOnDeviceConversion */; };
		C183E2C82B28F50A006B0E59 /* FirebaseAnalyticsSwift in Frameworks */ = {isa = PBXBuildFile; productRef = C183E2C72B28F50A006B0E59 /* FirebaseAnalyticsSwift */; };
		C183E2CA2B28F50A006B0E59 /* FirebaseAnalyticsWithoutAdIdSupport in Frameworks */ = {isa = PBXBuildFile; productRef = C183E2C92B28F50A006B0E59 /* FirebaseAnalyticsWithoutAdIdSupport */; };
		C183E2CC2B28F50A006B0E59 /* FirebaseAppCheck in Frameworks */ = {isa = PBXBuildFile; productRef = C183E2CB2B28F50A006B0E59 /* FirebaseAppCheck */; };
		C183E2CE2B28F50A006B0E59 /* FirebaseAppDistribution-Beta in Frameworks */ = {isa = PBXBuildFile; productRef = C183E2CD2B28F50A006B0E59 /* FirebaseAppDistribution-Beta */; };
		C183E2D02B28F50A006B0E59 /* FirebaseAuth in Frameworks */ = {isa = PBXBuildFile; productRef = C183E2CF2B28F50A006B0E59 /* FirebaseAuth */; };
		C183E2D22B28F50A006B0E59 /* FirebaseAuthCombine-Community in Frameworks */ = {isa = PBXBuildFile; productRef = C183E2D12B28F50A006B0E59 /* FirebaseAuthCombine-Community */; };
		C183E2D42B28F50A006B0E59 /* FirebaseCrashlytics in Frameworks */ = {isa = PBXBuildFile; productRef = C183E2D32B28F50A006B0E59 /* FirebaseCrashlytics */; };
		C183E2D62B28F50A006B0E59 /* FirebaseDatabase in Frameworks */ = {isa = PBXBuildFile; productRef = C183E2D52B28F50A006B0E59 /* FirebaseDatabase */; };
		C183E2D82B28F50A006B0E59 /* FirebaseDatabaseSwift in Frameworks */ = {isa = PBXBuildFile; productRef = C183E2D72B28F50A006B0E59 /* FirebaseDatabaseSwift */; };
		C183E2DA2B28F50A006B0E59 /* FirebaseDynamicLinks in Frameworks */ = {isa = PBXBuildFile; productRef = C183E2D92B28F50A006B0E59 /* FirebaseDynamicLinks */; };
		C183E2DC2B28F50A006B0E59 /* FirebaseFirestore in Frameworks */ = {isa = PBXBuildFile; productRef = C183E2DB2B28F50A006B0E59 /* FirebaseFirestore */; };
		C183E2DE2B28F50A006B0E59 /* FirebaseFirestoreCombine-Community in Frameworks */ = {isa = PBXBuildFile; productRef = C183E2DD2B28F50A006B0E59 /* FirebaseFirestoreCombine-Community */; };
		C183E2E02B28F50A006B0E59 /* FirebaseFirestoreSwift in Frameworks */ = {isa = PBXBuildFile; productRef = C183E2DF2B28F50A006B0E59 /* FirebaseFirestoreSwift */; };
		C183E2E22B28F50A006B0E59 /* FirebaseFunctions in Frameworks */ = {isa = PBXBuildFile; productRef = C183E2E12B28F50A006B0E59 /* FirebaseFunctions */; };
		C183E2E42B28F50A006B0E59 /* FirebaseFunctionsCombine-Community in Frameworks */ = {isa = PBXBuildFile; productRef = C183E2E32B28F50A006B0E59 /* FirebaseFunctionsCombine-Community */; };
		C183E2E62B28F50A006B0E59 /* FirebaseInAppMessaging-Beta in Frameworks */ = {isa = PBXBuildFile; productRef = C183E2E52B28F50A006B0E59 /* FirebaseInAppMessaging-Beta */; };
		C183E2E82B28F50A006B0E59 /* FirebaseInAppMessagingSwift-Beta in Frameworks */ = {isa = PBXBuildFile; productRef = C183E2E72B28F50A006B0E59 /* FirebaseInAppMessagingSwift-Beta */; };
		C183E2EA2B28F50A006B0E59 /* FirebaseInstallations in Frameworks */ = {isa = PBXBuildFile; productRef = C183E2E92B28F50A006B0E59 /* FirebaseInstallations */; };
		C183E2EC2B28F50A006B0E59 /* FirebaseMLModelDownloader in Frameworks */ = {isa = PBXBuildFile; productRef = C183E2EB2B28F50A006B0E59 /* FirebaseMLModelDownloader */; };
		C183E2EE2B28F50A006B0E59 /* FirebaseMessaging in Frameworks */ = {isa = PBXBuildFile; productRef = C183E2ED2B28F50A006B0E59 /* FirebaseMessaging */; };
		C183E2F02B28F50A006B0E59 /* FirebasePerformance in Frameworks */ = {isa = PBXBuildFile; productRef = C183E2EF2B28F50A006B0E59 /* FirebasePerformance */; };
		C183E2F22B28F50A006B0E59 /* FirebaseRemoteConfig in Frameworks */ = {isa = PBXBuildFile; productRef = C183E2F12B28F50A006B0E59 /* FirebaseRemoteConfig */; };
		C183E2F42B28F50A006B0E59 /* FirebaseRemoteConfigSwift in Frameworks */ = {isa = PBXBuildFile; productRef = C183E2F32B28F50A006B0E59 /* FirebaseRemoteConfigSwift */; };
		C183E2F62B28F50A006B0E59 /* FirebaseStorage in Frameworks */ = {isa = PBXBuildFile; productRef = C183E2F52B28F50A006B0E59 /* FirebaseStorage */; };
		C183E2F82B28F50A006B0E59 /* FirebaseStorageCombine-Community in Frameworks */ = {isa = PBXBuildFile; productRef = C183E2F72B28F50A006B0E59 /* FirebaseStorageCombine-Community */; };
		C183E2FA2B28F54E006B0E59 /* FirebaseAnalytics in Frameworks */ = {isa = PBXBuildFile; productRef = C183E2F92B28F54E006B0E59 /* FirebaseAnalytics */; };
		C183E2FC2B28F54E006B0E59 /* FirebaseAnalyticsOnDeviceConversion in Frameworks */ = {isa = PBXBuildFile; productRef = C183E2FB2B28F54E006B0E59 /* FirebaseAnalyticsOnDeviceConversion */; };
		C183E2FE2B28F54E006B0E59 /* FirebaseAnalyticsSwift in Frameworks */ = {isa = PBXBuildFile; productRef = C183E2FD2B28F54E006B0E59 /* FirebaseAnalyticsSwift */; };
		C183E3002B28F54E006B0E59 /* FirebaseAnalyticsWithoutAdIdSupport in Frameworks */ = {isa = PBXBuildFile; productRef = C183E2FF2B28F54E006B0E59 /* FirebaseAnalyticsWithoutAdIdSupport */; };
		C183E3022B28F54E006B0E59 /* FirebaseAppCheck in Frameworks */ = {isa = PBXBuildFile; productRef = C183E3012B28F54E006B0E59 /* FirebaseAppCheck */; };
		C183E3042B28F54E006B0E59 /* FirebaseAppDistribution-Beta in Frameworks */ = {isa = PBXBuildFile; productRef = C183E3032B28F54E006B0E59 /* FirebaseAppDistribution-Beta */; };
		C183E3062B28F54E006B0E59 /* FirebaseAuth in Frameworks */ = {isa = PBXBuildFile; productRef = C183E3052B28F54E006B0E59 /* FirebaseAuth */; };
		C183E3082B28F54E006B0E59 /* FirebaseAuthCombine-Community in Frameworks */ = {isa = PBXBuildFile; productRef = C183E3072B28F54E006B0E59 /* FirebaseAuthCombine-Community */; };
		C183E30A2B28F54E006B0E59 /* FirebaseCrashlytics in Frameworks */ = {isa = PBXBuildFile; productRef = C183E3092B28F54E006B0E59 /* FirebaseCrashlytics */; };
		C183E30C2B28F54E006B0E59 /* FirebaseDatabase in Frameworks */ = {isa = PBXBuildFile; productRef = C183E30B2B28F54E006B0E59 /* FirebaseDatabase */; };
		C183E30E2B28F54E006B0E59 /* FirebaseDatabaseSwift in Frameworks */ = {isa = PBXBuildFile; productRef = C183E30D2B28F54E006B0E59 /* FirebaseDatabaseSwift */; };
		C183E3102B28F54E006B0E59 /* FirebaseDynamicLinks in Frameworks */ = {isa = PBXBuildFile; productRef = C183E30F2B28F54E006B0E59 /* FirebaseDynamicLinks */; };
		C183E3122B28F54E006B0E59 /* FirebaseFirestore in Frameworks */ = {isa = PBXBuildFile; productRef = C183E3112B28F54E006B0E59 /* FirebaseFirestore */; };
		C183E3142B28F54E006B0E59 /* FirebaseFirestoreCombine-Community in Frameworks */ = {isa = PBXBuildFile; productRef = C183E3132B28F54E006B0E59 /* FirebaseFirestoreCombine-Community */; };
		C183E3162B28F54E006B0E59 /* FirebaseFirestoreSwift in Frameworks */ = {isa = PBXBuildFile; productRef = C183E3152B28F54E006B0E59 /* FirebaseFirestoreSwift */; };
		C183E3182B28F54E006B0E59 /* FirebaseFunctions in Frameworks */ = {isa = PBXBuildFile; productRef = C183E3172B28F54E006B0E59 /* FirebaseFunctions */; };
		C183E31A2B28F54E006B0E59 /* FirebaseFunctionsCombine-Community in Frameworks */ = {isa = PBXBuildFile; productRef = C183E3192B28F54E006B0E59 /* FirebaseFunctionsCombine-Community */; };
		C183E31C2B28F54E006B0E59 /* FirebaseInAppMessaging-Beta in Frameworks */ = {isa = PBXBuildFile; productRef = C183E31B2B28F54E006B0E59 /* FirebaseInAppMessaging-Beta */; };
		C183E31E2B28F54E006B0E59 /* FirebaseInAppMessagingSwift-Beta in Frameworks */ = {isa = PBXBuildFile; productRef = C183E31D2B28F54E006B0E59 /* FirebaseInAppMessagingSwift-Beta */; };
		C183E3202B28F54E006B0E59 /* FirebaseInstallations in Frameworks */ = {isa = PBXBuildFile; productRef = C183E31F2B28F54E006B0E59 /* FirebaseInstallations */; };
		C183E3222B28F54E006B0E59 /* FirebaseMLModelDownloader in Frameworks */ = {isa = PBXBuildFile; productRef = C183E3212B28F54E006B0E59 /* FirebaseMLModelDownloader */; };
		C183E3242B28F54E006B0E59 /* FirebaseMessaging in Frameworks */ = {isa = PBXBuildFile; productRef = C183E3232B28F54E006B0E59 /* FirebaseMessaging */; };
		C183E3262B28F54E006B0E59 /* FirebasePerformance in Frameworks */ = {isa = PBXBuildFile; productRef = C183E3252B28F54E006B0E59 /* FirebasePerformance */; };
		C183E3282B28F54E006B0E59 /* FirebaseRemoteConfig in Frameworks */ = {isa = PBXBuildFile; productRef = C183E3272B28F54E006B0E59 /* FirebaseRemoteConfig */; };
		C183E32A2B28F54E006B0E59 /* FirebaseRemoteConfigSwift in Frameworks */ = {isa = PBXBuildFile; productRef = C183E3292B28F54E006B0E59 /* FirebaseRemoteConfigSwift */; };
		C183E32C2B28F54E006B0E59 /* FirebaseStorage in Frameworks */ = {isa = PBXBuildFile; productRef = C183E32B2B28F54E006B0E59 /* FirebaseStorage */; };
		C183E32E2B28F54E006B0E59 /* FirebaseStorageCombine-Community in Frameworks */ = {isa = PBXBuildFile; productRef = C183E32D2B28F54E006B0E59 /* FirebaseStorageCombine-Community */; };
		C19FA0082B31D9FD008006A1 /* ForgotPasswordViewModel.swift in Sources */ = {isa = PBXBuildFile; fileRef = C19FA0072B31D9FD008006A1 /* ForgotPasswordViewModel.swift */; };
		C19FA00B2B31DA55008006A1 /* ForgotPasswordView.swift in Sources */ = {isa = PBXBuildFile; fileRef = C19FA00A2B31DA55008006A1 /* ForgotPasswordView.swift */; };
		C19FA00D2B31E23A008006A1 /* RecoveryMethod.swift in Sources */ = {isa = PBXBuildFile; fileRef = C19FA00C2B31E23A008006A1 /* RecoveryMethod.swift */; };
		C19FA0102B31F1C6008006A1 /* OTPView.swift in Sources */ = {isa = PBXBuildFile; fileRef = C19FA00F2B31F1C6008006A1 /* OTPView.swift */; };
		C19FA0132B31F20F008006A1 /* OTPViewModel.swift in Sources */ = {isa = PBXBuildFile; fileRef = C19FA0122B31F20F008006A1 /* OTPViewModel.swift */; };
		C19FA0152B31F2A3008006A1 /* TimerView.swift in Sources */ = {isa = PBXBuildFile; fileRef = C19FA0142B31F2A3008006A1 /* TimerView.swift */; };
		C19FA0172B31F792008006A1 /* ChangePasswordView.swift in Sources */ = {isa = PBXBuildFile; fileRef = C19FA0162B31F792008006A1 /* ChangePasswordView.swift */; };
		C19FA0192B320A06008006A1 /* PopupView.swift in Sources */ = {isa = PBXBuildFile; fileRef = C19FA0182B320A06008006A1 /* PopupView.swift */; };
		C1ADB0082B2373C900B1BE85 /* PearlV1App.swift in Sources */ = {isa = PBXBuildFile; fileRef = C1ADB0072B2373C900B1BE85 /* PearlV1App.swift */; };
		C1ADB00A2B2373C900B1BE85 /* ContentView.swift in Sources */ = {isa = PBXBuildFile; fileRef = C1ADB0092B2373C900B1BE85 /* ContentView.swift */; };
		C1ADB00C2B2373C900B1BE85 /* Item.swift in Sources */ = {isa = PBXBuildFile; fileRef = C1ADB00B2B2373C900B1BE85 /* Item.swift */; };
		C1ADB00E2B2373CA00B1BE85 /* Assets.xcassets in Resources */ = {isa = PBXBuildFile; fileRef = C1ADB00D2B2373CA00B1BE85 /* Assets.xcassets */; };
		C1ADB0112B2373CA00B1BE85 /* Preview Assets.xcassets in Resources */ = {isa = PBXBuildFile; fileRef = C1ADB0102B2373CA00B1BE85 /* Preview Assets.xcassets */; };
		C1ADB01B2B23759900B1BE85 /* OnBoardingModel.swift in Sources */ = {isa = PBXBuildFile; fileRef = C1ADB01A2B23759900B1BE85 /* OnBoardingModel.swift */; };
		C1ADB01D2B23762700B1BE85 /* OnBoardingView.swift in Sources */ = {isa = PBXBuildFile; fileRef = C1ADB01C2B23762700B1BE85 /* OnBoardingView.swift */; };
		C1ADB0202B23CC0D00B1BE85 /* OTPTextField.swift in Sources */ = {isa = PBXBuildFile; fileRef = C1ADB01F2B23CC0D00B1BE85 /* OTPTextField.swift */; };
		C1ADB0222B23CF0400B1BE85 /* MainBTN.swift in Sources */ = {isa = PBXBuildFile; fileRef = C1ADB0212B23CF0400B1BE85 /* MainBTN.swift */; };
		C1ADB0242B247BF000B1BE85 /* LoaderView.swift in Sources */ = {isa = PBXBuildFile; fileRef = C1ADB0232B247BEF00B1BE85 /* LoaderView.swift */; };
		C1ADB0262B24ED5B00B1BE85 /* InitialView.swift in Sources */ = {isa = PBXBuildFile; fileRef = C1ADB0252B24ED5B00B1BE85 /* InitialView.swift */; };
		C1D920192B2F8A650073E6D5 /* PasswordBox.swift in Sources */ = {isa = PBXBuildFile; fileRef = C1D920182B2F8A650073E6D5 /* PasswordBox.swift */; };
/* End PBXBuildFile section */

/* Begin PBXFileReference section */
		C113F8C92B251D1F00F809FB /* SignInView.swift */ = {isa = PBXFileReference; lastKnownFileType = sourcecode.swift; path = SignInView.swift; sourceTree = "<group>"; };
		C113F8D02B251DE300F809FB /* GFNextButton.swift */ = {isa = PBXFileReference; lastKnownFileType = sourcecode.swift; path = GFNextButton.swift; sourceTree = "<group>"; };
		C1277BC82B2BBDFE00A000D6 /* TabBarViewModel.swift */ = {isa = PBXFileReference; lastKnownFileType = sourcecode.swift; path = TabBarViewModel.swift; sourceTree = "<group>"; };
		C1277BCA2B2F69F400A000D6 /* SignInViewModel.swift */ = {isa = PBXFileReference; lastKnownFileType = sourcecode.swift; path = SignInViewModel.swift; sourceTree = "<group>"; };
		C1277BCC2B2F6AEF00A000D6 /* TextBox.swift */ = {isa = PBXFileReference; lastKnownFileType = sourcecode.swift; path = TextBox.swift; sourceTree = "<group>"; };
		C1277BCE2B2F794C00A000D6 /* BackGroundGradient.swift */ = {isa = PBXFileReference; lastKnownFileType = sourcecode.swift; path = BackGroundGradient.swift; sourceTree = "<group>"; };
		C12AF3402B493F8800F7D618 /* TabBarView.swift */ = {isa = PBXFileReference; lastKnownFileType = sourcecode.swift; path = TabBarView.swift; sourceTree = "<group>"; };
		C12AF3422B493F9800F7D618 /* TabBarItemView.swift */ = {isa = PBXFileReference; lastKnownFileType = sourcecode.swift; path = TabBarItemView.swift; sourceTree = "<group>"; };
		C12AF3442B49412400F7D618 /* Constants.swift */ = {isa = PBXFileReference; lastKnownFileType = sourcecode.swift; path = Constants.swift; sourceTree = "<group>"; };
		C13A8DF12B263B8D00FA1725 /* OnBoardingViewContainer.swift */ = {isa = PBXFileReference; lastKnownFileType = sourcecode.swift; path = OnBoardingViewContainer.swift; sourceTree = "<group>"; };
		C13A8DF32B264C4500FA1725 /* GetstartedBTN.swift */ = {isa = PBXFileReference; lastKnownFileType = sourcecode.swift; path = GetstartedBTN.swift; sourceTree = "<group>"; };
		C15D39FF2B55B09A0079C1F2 /* SignUpView.swift */ = {isa = PBXFileReference; lastKnownFileType = sourcecode.swift; path = SignUpView.swift; sourceTree = "<group>"; };
		C15D3A022B55B3BE0079C1F2 /* SignUpViewModel.swift */ = {isa = PBXFileReference; lastKnownFileType = sourcecode.swift; path = SignUpViewModel.swift; sourceTree = "<group>"; };
		C183E2C12B28F435006B0E59 /* GoogleService-Info.plist */ = {isa = PBXFileReference; fileEncoding = 4; lastKnownFileType = text.plist.xml; path = "GoogleService-Info.plist"; sourceTree = "<group>"; };
		C19FA0072B31D9FD008006A1 /* ForgotPasswordViewModel.swift */ = {isa = PBXFileReference; lastKnownFileType = sourcecode.swift; path = ForgotPasswordViewModel.swift; sourceTree = "<group>"; };
		C19FA00A2B31DA55008006A1 /* ForgotPasswordView.swift */ = {isa = PBXFileReference; lastKnownFileType = sourcecode.swift; path = ForgotPasswordView.swift; sourceTree = "<group>"; };
		C19FA00C2B31E23A008006A1 /* RecoveryMethod.swift */ = {isa = PBXFileReference; lastKnownFileType = sourcecode.swift; path = RecoveryMethod.swift; sourceTree = "<group>"; };
		C19FA00F2B31F1C6008006A1 /* OTPView.swift */ = {isa = PBXFileReference; lastKnownFileType = sourcecode.swift; path = OTPView.swift; sourceTree = "<group>"; };
		C19FA0122B31F20F008006A1 /* OTPViewModel.swift */ = {isa = PBXFileReference; lastKnownFileType = sourcecode.swift; path = OTPViewModel.swift; sourceTree = "<group>"; };
		C19FA0142B31F2A3008006A1 /* TimerView.swift */ = {isa = PBXFileReference; lastKnownFileType = sourcecode.swift; path = TimerView.swift; sourceTree = "<group>"; };
		C19FA0162B31F792008006A1 /* ChangePasswordView.swift */ = {isa = PBXFileReference; lastKnownFileType = sourcecode.swift; path = ChangePasswordView.swift; sourceTree = "<group>"; };
		C19FA0182B320A06008006A1 /* PopupView.swift */ = {isa = PBXFileReference; lastKnownFileType = sourcecode.swift; path = PopupView.swift; sourceTree = "<group>"; };
		C1ADB0042B2373C900B1BE85 /* PearlV1.app */ = {isa = PBXFileReference; explicitFileType = wrapper.application; includeInIndex = 0; path = PearlV1.app; sourceTree = BUILT_PRODUCTS_DIR; };
		C1ADB0072B2373C900B1BE85 /* PearlV1App.swift */ = {isa = PBXFileReference; lastKnownFileType = sourcecode.swift; path = PearlV1App.swift; sourceTree = "<group>"; };
		C1ADB0092B2373C900B1BE85 /* ContentView.swift */ = {isa = PBXFileReference; lastKnownFileType = sourcecode.swift; path = ContentView.swift; sourceTree = "<group>"; };
		C1ADB00B2B2373C900B1BE85 /* Item.swift */ = {isa = PBXFileReference; lastKnownFileType = sourcecode.swift; path = Item.swift; sourceTree = "<group>"; };
		C1ADB00D2B2373CA00B1BE85 /* Assets.xcassets */ = {isa = PBXFileReference; lastKnownFileType = folder.assetcatalog; path = Assets.xcassets; sourceTree = "<group>"; };
		C1ADB0102B2373CA00B1BE85 /* Preview Assets.xcassets */ = {isa = PBXFileReference; lastKnownFileType = folder.assetcatalog; path = "Preview Assets.xcassets"; sourceTree = "<group>"; };
		C1ADB01A2B23759900B1BE85 /* OnBoardingModel.swift */ = {isa = PBXFileReference; lastKnownFileType = sourcecode.swift; path = OnBoardingModel.swift; sourceTree = "<group>"; };
		C1ADB01C2B23762700B1BE85 /* OnBoardingView.swift */ = {isa = PBXFileReference; lastKnownFileType = sourcecode.swift; path = OnBoardingView.swift; sourceTree = "<group>"; };
		C1ADB01F2B23CC0D00B1BE85 /* OTPTextField.swift */ = {isa = PBXFileReference; lastKnownFileType = sourcecode.swift; path = OTPTextField.swift; sourceTree = "<group>"; };
		C1ADB0212B23CF0400B1BE85 /* MainBTN.swift */ = {isa = PBXFileReference; lastKnownFileType = sourcecode.swift; path = MainBTN.swift; sourceTree = "<group>"; };
		C1ADB0232B247BEF00B1BE85 /* LoaderView.swift */ = {isa = PBXFileReference; lastKnownFileType = sourcecode.swift; path = LoaderView.swift; sourceTree = "<group>"; };
		C1ADB0252B24ED5B00B1BE85 /* InitialView.swift */ = {isa = PBXFileReference; lastKnownFileType = sourcecode.swift; path = InitialView.swift; sourceTree = "<group>"; };
		C1D920182B2F8A650073E6D5 /* PasswordBox.swift */ = {isa = PBXFileReference; lastKnownFileType = sourcecode.swift; path = PasswordBox.swift; sourceTree = "<group>"; };
/* End PBXFileReference section */

/* Begin PBXFrameworksBuildPhase section */
		C1ADB0012B2373C900B1BE85 /* Frameworks */ = {
			isa = PBXFrameworksBuildPhase;
			buildActionMask = 2147483647;
			files = (
				C183E3242B28F54E006B0E59 /* FirebaseMessaging in Frameworks */,
				C183E2EE2B28F50A006B0E59 /* FirebaseMessaging in Frameworks */,
				C183E31E2B28F54E006B0E59 /* FirebaseInAppMessagingSwift-Beta in Frameworks */,
				C183E2FC2B28F54E006B0E59 /* FirebaseAnalyticsOnDeviceConversion in Frameworks */,
				C183E2DE2B28F50A006B0E59 /* FirebaseFirestoreCombine-Community in Frameworks */,
				C183E2D62B28F50A006B0E59 /* FirebaseDatabase in Frameworks */,
				C183E3022B28F54E006B0E59 /* FirebaseAppCheck in Frameworks */,
				C183E2FE2B28F54E006B0E59 /* FirebaseAnalyticsSwift in Frameworks */,
				C183E2BC2B28F24B006B0E59 /* FirebaseAnalyticsSwift in Frameworks */,
				C183E2F62B28F50A006B0E59 /* FirebaseStorage in Frameworks */,
				C183E3002B28F54E006B0E59 /* FirebaseAnalyticsWithoutAdIdSupport in Frameworks */,
				C183E32C2B28F54E006B0E59 /* FirebaseStorage in Frameworks */,
				C183E32E2B28F54E006B0E59 /* FirebaseStorageCombine-Community in Frameworks */,
				C183E2B82B28F24B006B0E59 /* FirebaseAnalytics in Frameworks */,
				C183E3062B28F54E006B0E59 /* FirebaseAuth in Frameworks */,
				C183E2C42B28F50A006B0E59 /* FirebaseAnalytics in Frameworks */,
				C183E30C2B28F54E006B0E59 /* FirebaseDatabase in Frameworks */,
				C183E2D42B28F50A006B0E59 /* FirebaseCrashlytics in Frameworks */,
				C183E3202B28F54E006B0E59 /* FirebaseInstallations in Frameworks */,
				C183E2DC2B28F50A006B0E59 /* FirebaseFirestore in Frameworks */,
				C183E2DA2B28F50A006B0E59 /* FirebaseDynamicLinks in Frameworks */,
				C183E2F82B28F50A006B0E59 /* FirebaseStorageCombine-Community in Frameworks */,
				C183E30E2B28F54E006B0E59 /* FirebaseDatabaseSwift in Frameworks */,
				C183E32A2B28F54E006B0E59 /* FirebaseRemoteConfigSwift in Frameworks */,
				C183E2C62B28F50A006B0E59 /* FirebaseAnalyticsOnDeviceConversion in Frameworks */,
				C183E3262B28F54E006B0E59 /* FirebasePerformance in Frameworks */,
				C183E2E42B28F50A006B0E59 /* FirebaseFunctionsCombine-Community in Frameworks */,
				C183E2E82B28F50A006B0E59 /* FirebaseInAppMessagingSwift-Beta in Frameworks */,
				C183E2EC2B28F50A006B0E59 /* FirebaseMLModelDownloader in Frameworks */,
				C183E2E62B28F50A006B0E59 /* FirebaseInAppMessaging-Beta in Frameworks */,
				C183E3122B28F54E006B0E59 /* FirebaseFirestore in Frameworks */,
				C183E3102B28F54E006B0E59 /* FirebaseDynamicLinks in Frameworks */,
				C183E3162B28F54E006B0E59 /* FirebaseFirestoreSwift in Frameworks */,
				C183E2F02B28F50A006B0E59 /* FirebasePerformance in Frameworks */,
				C183E3282B28F54E006B0E59 /* FirebaseRemoteConfig in Frameworks */,
				C183E3182B28F54E006B0E59 /* FirebaseFunctions in Frameworks */,
				C183E31A2B28F54E006B0E59 /* FirebaseFunctionsCombine-Community in Frameworks */,
				C183E31C2B28F54E006B0E59 /* FirebaseInAppMessaging-Beta in Frameworks */,
				C183E2FA2B28F54E006B0E59 /* FirebaseAnalytics in Frameworks */,
				C183E2D22B28F50A006B0E59 /* FirebaseAuthCombine-Community in Frameworks */,
				C183E2C82B28F50A006B0E59 /* FirebaseAnalyticsSwift in Frameworks */,
				C183E2D82B28F50A006B0E59 /* FirebaseDatabaseSwift in Frameworks */,
				C183E2BA2B28F24B006B0E59 /* FirebaseAnalyticsOnDeviceConversion in Frameworks */,
				C183E2F22B28F50A006B0E59 /* FirebaseRemoteConfig in Frameworks */,
				C183E2C02B28F24B006B0E59 /* FirebaseAppCheck in Frameworks */,
				C183E2D02B28F50A006B0E59 /* FirebaseAuth in Frameworks */,
				C183E2E22B28F50A006B0E59 /* FirebaseFunctions in Frameworks */,
				C183E30A2B28F54E006B0E59 /* FirebaseCrashlytics in Frameworks */,
				C183E2EA2B28F50A006B0E59 /* FirebaseInstallations in Frameworks */,
				C183E3142B28F54E006B0E59 /* FirebaseFirestoreCombine-Community in Frameworks */,
				C183E3042B28F54E006B0E59 /* FirebaseAppDistribution-Beta in Frameworks */,
				C183E2E02B28F50A006B0E59 /* FirebaseFirestoreSwift in Frameworks */,
				C183E3222B28F54E006B0E59 /* FirebaseMLModelDownloader in Frameworks */,
				C183E2CA2B28F50A006B0E59 /* FirebaseAnalyticsWithoutAdIdSupport in Frameworks */,
				C183E2CC2B28F50A006B0E59 /* FirebaseAppCheck in Frameworks */,
				C183E2F42B28F50A006B0E59 /* FirebaseRemoteConfigSwift in Frameworks */,
				C183E2CE2B28F50A006B0E59 /* FirebaseAppDistribution-Beta in Frameworks */,
				C183E2BE2B28F24B006B0E59 /* FirebaseAnalyticsWithoutAdIdSupport in Frameworks */,
				C183E3082B28F54E006B0E59 /* FirebaseAuthCombine-Community in Frameworks */,
			);
			runOnlyForDeploymentPostprocessing = 0;
		};
/* End PBXFrameworksBuildPhase section */

/* Begin PBXGroup section */
		C113F8C82B251D1100F809FB /* SignInView */ = {
			isa = PBXGroup;
			children = (
				C113F8C92B251D1F00F809FB /* SignInView.swift */,
			);
			path = SignInView;
			sourceTree = "<group>";
		};
		C113F8CB2B251D2500F809FB /* SignInViewModel */ = {
			isa = PBXGroup;
			children = (
				C1277BCA2B2F69F400A000D6 /* SignInViewModel.swift */,
			);
			path = SignInViewModel;
			sourceTree = "<group>";
		};
		C12AF33F2B493F3500F7D618 /* TabBar */ = {
			isa = PBXGroup;
			children = (
				C1277BC82B2BBDFE00A000D6 /* TabBarViewModel.swift */,
				C12AF3402B493F8800F7D618 /* TabBarView.swift */,
				C12AF3422B493F9800F7D618 /* TabBarItemView.swift */,
				C12AF3442B49412400F7D618 /* Constants.swift */,
			);
			path = TabBar;
			sourceTree = "<group>";
		};
		C15D39FE2B55B07D0079C1F2 /* SignUpView */ = {
			isa = PBXGroup;
			children = (
				C15D39FF2B55B09A0079C1F2 /* SignUpView.swift */,
			);
			path = SignUpView;
			sourceTree = "<group>";
		};
		C15D3A012B55B3930079C1F2 /* SignUpViewModel */ = {
			isa = PBXGroup;
			children = (
				C15D3A022B55B3BE0079C1F2 /* SignUpViewModel.swift */,
			);
			path = SignUpViewModel;
			sourceTree = "<group>";
		};
		C19FA0062B31D9DE008006A1 /* Forgot Password */ = {
			isa = PBXGroup;
			children = (
				C19FA0072B31D9FD008006A1 /* ForgotPasswordViewModel.swift */,
				C19FA00C2B31E23A008006A1 /* RecoveryMethod.swift */,
			);
			path = "Forgot Password";
			sourceTree = "<group>";
		};
		C19FA0092B31DA46008006A1 /* Forgot Password */ = {
			isa = PBXGroup;
			children = (
				C19FA00A2B31DA55008006A1 /* ForgotPasswordView.swift */,
			);
			path = "Forgot Password";
			sourceTree = "<group>";
		};
		C19FA00E2B31F1B3008006A1 /* OTP View */ = {
			isa = PBXGroup;
			children = (
				C19FA00F2B31F1C6008006A1 /* OTPView.swift */,
				C19FA0142B31F2A3008006A1 /* TimerView.swift */,
				C19FA0162B31F792008006A1 /* ChangePasswordView.swift */,
				C19FA0182B320A06008006A1 /* PopupView.swift */,
			);
			path = "OTP View";
			sourceTree = "<group>";
		};
		C19FA0112B31F1F8008006A1 /* OTP ViewModel */ = {
			isa = PBXGroup;
			children = (
				C19FA0122B31F20F008006A1 /* OTPViewModel.swift */,
			);
			path = "OTP ViewModel";
			sourceTree = "<group>";
		};
		C1ADAFFB2B2373C900B1BE85 = {
			isa = PBXGroup;
			children = (
				C1ADB0062B2373C900B1BE85 /* PearlV1 */,
				C1ADB0052B2373C900B1BE85 /* Products */,
			);
			sourceTree = "<group>";
		};
		C1ADB0052B2373C900B1BE85 /* Products */ = {
			isa = PBXGroup;
			children = (
				C1ADB0042B2373C900B1BE85 /* PearlV1.app */,
			);
			name = Products;
			sourceTree = "<group>";
		};
		C1ADB0062B2373C900B1BE85 /* PearlV1 */ = {
			isa = PBXGroup;
			children = (
				C1ADB01E2B23CBD500B1BE85 /* Components */,
				C1ADB0192B2374FD00B1BE85 /* Models */,
				C1ADB0182B2374F300B1BE85 /* ViewModels */,
				C1ADB0172B2374EC00B1BE85 /* Views */,
				C1ADB0072B2373C900B1BE85 /* PearlV1App.swift */,
				C1ADB00D2B2373CA00B1BE85 /* Assets.xcassets */,
				C183E2C12B28F435006B0E59 /* GoogleService-Info.plist */,
				C1ADB00F2B2373CA00B1BE85 /* Preview Content */,
			);
			path = PearlV1;
			sourceTree = "<group>";
		};
		C1ADB00F2B2373CA00B1BE85 /* Preview Content */ = {
			isa = PBXGroup;
			children = (
				C1ADB0102B2373CA00B1BE85 /* Preview Assets.xcassets */,
			);
			path = "Preview Content";
			sourceTree = "<group>";
		};
		C1ADB0172B2374EC00B1BE85 /* Views */ = {
			isa = PBXGroup;
			children = (
				C15D39FE2B55B07D0079C1F2 /* SignUpView */,
				C19FA00E2B31F1B3008006A1 /* OTP View */,
				C19FA0092B31DA46008006A1 /* Forgot Password */,
				C113F8C82B251D1100F809FB /* SignInView */,
				C1ADB0092B2373C900B1BE85 /* ContentView.swift */,
				C1ADB01C2B23762700B1BE85 /* OnBoardingView.swift */,
				C1ADB0252B24ED5B00B1BE85 /* InitialView.swift */,
				C13A8DF12B263B8D00FA1725 /* OnBoardingViewContainer.swift */,
			);
			path = Views;
			sourceTree = "<group>";
		};
		C1ADB0182B2374F300B1BE85 /* ViewModels */ = {
			isa = PBXGroup;
			children = (
				C15D3A012B55B3930079C1F2 /* SignUpViewModel */,
				C19FA0112B31F1F8008006A1 /* OTP ViewModel */,
				C19FA0062B31D9DE008006A1 /* Forgot Password */,
				C113F8CB2B251D2500F809FB /* SignInViewModel */,
			);
			path = ViewModels;
			sourceTree = "<group>";
		};
		C1ADB0192B2374FD00B1BE85 /* Models */ = {
			isa = PBXGroup;
			children = (
				C1ADB00B2B2373C900B1BE85 /* Item.swift */,
				C1ADB01A2B23759900B1BE85 /* OnBoardingModel.swift */,
			);
			path = Models;
			sourceTree = "<group>";
		};
		C1ADB01E2B23CBD500B1BE85 /* Components */ = {
			isa = PBXGroup;
			children = (
				C12AF33F2B493F3500F7D618 /* TabBar */,
				C1ADB01F2B23CC0D00B1BE85 /* OTPTextField.swift */,
				C1ADB0212B23CF0400B1BE85 /* MainBTN.swift */,
				C1ADB0232B247BEF00B1BE85 /* LoaderView.swift */,
				C113F8D02B251DE300F809FB /* GFNextButton.swift */,
				C13A8DF32B264C4500FA1725 /* GetstartedBTN.swift */,
				C1277BCC2B2F6AEF00A000D6 /* TextBox.swift */,
				C1277BCE2B2F794C00A000D6 /* BackGroundGradient.swift */,
				C1D920182B2F8A650073E6D5 /* PasswordBox.swift */,
			);
			path = Components;
			sourceTree = "<group>";
		};
/* End PBXGroup section */

/* Begin PBXNativeTarget section */
		C1ADB0032B2373C900B1BE85 /* PearlV1 */ = {
			isa = PBXNativeTarget;
			buildConfigurationList = C1ADB0142B2373CA00B1BE85 /* Build configuration list for PBXNativeTarget "PearlV1" */;
			buildPhases = (
				C1ADB0002B2373C900B1BE85 /* Sources */,
				C1ADB0012B2373C900B1BE85 /* Frameworks */,
				C1ADB0022B2373C900B1BE85 /* Resources */,
			);
			buildRules = (
			);
			dependencies = (
			);
			name = PearlV1;
			packageProductDependencies = (
				C183E2B72B28F24B006B0E59 /* FirebaseAnalytics */,
				C183E2B92B28F24B006B0E59 /* FirebaseAnalyticsOnDeviceConversion */,
				C183E2BB2B28F24B006B0E59 /* FirebaseAnalyticsSwift */,
				C183E2BD2B28F24B006B0E59 /* FirebaseAnalyticsWithoutAdIdSupport */,
				C183E2BF2B28F24B006B0E59 /* FirebaseAppCheck */,
				C183E2C32B28F50A006B0E59 /* FirebaseAnalytics */,
				C183E2C52B28F50A006B0E59 /* FirebaseAnalyticsOnDeviceConversion */,
				C183E2C72B28F50A006B0E59 /* FirebaseAnalyticsSwift */,
				C183E2C92B28F50A006B0E59 /* FirebaseAnalyticsWithoutAdIdSupport */,
				C183E2CB2B28F50A006B0E59 /* FirebaseAppCheck */,
				C183E2CD2B28F50A006B0E59 /* FirebaseAppDistribution-Beta */,
				C183E2CF2B28F50A006B0E59 /* FirebaseAuth */,
				C183E2D12B28F50A006B0E59 /* FirebaseAuthCombine-Community */,
				C183E2D32B28F50A006B0E59 /* FirebaseCrashlytics */,
				C183E2D52B28F50A006B0E59 /* FirebaseDatabase */,
				C183E2D72B28F50A006B0E59 /* FirebaseDatabaseSwift */,
				C183E2D92B28F50A006B0E59 /* FirebaseDynamicLinks */,
				C183E2DB2B28F50A006B0E59 /* FirebaseFirestore */,
				C183E2DD2B28F50A006B0E59 /* FirebaseFirestoreCombine-Community */,
				C183E2DF2B28F50A006B0E59 /* FirebaseFirestoreSwift */,
				C183E2E12B28F50A006B0E59 /* FirebaseFunctions */,
				C183E2E32B28F50A006B0E59 /* FirebaseFunctionsCombine-Community */,
				C183E2E52B28F50A006B0E59 /* FirebaseInAppMessaging-Beta */,
				C183E2E72B28F50A006B0E59 /* FirebaseInAppMessagingSwift-Beta */,
				C183E2E92B28F50A006B0E59 /* FirebaseInstallations */,
				C183E2EB2B28F50A006B0E59 /* FirebaseMLModelDownloader */,
				C183E2ED2B28F50A006B0E59 /* FirebaseMessaging */,
				C183E2EF2B28F50A006B0E59 /* FirebasePerformance */,
				C183E2F12B28F50A006B0E59 /* FirebaseRemoteConfig */,
				C183E2F32B28F50A006B0E59 /* FirebaseRemoteConfigSwift */,
				C183E2F52B28F50A006B0E59 /* FirebaseStorage */,
				C183E2F72B28F50A006B0E59 /* FirebaseStorageCombine-Community */,
				C183E2F92B28F54E006B0E59 /* FirebaseAnalytics */,
				C183E2FB2B28F54E006B0E59 /* FirebaseAnalyticsOnDeviceConversion */,
				C183E2FD2B28F54E006B0E59 /* FirebaseAnalyticsSwift */,
				C183E2FF2B28F54E006B0E59 /* FirebaseAnalyticsWithoutAdIdSupport */,
				C183E3012B28F54E006B0E59 /* FirebaseAppCheck */,
				C183E3032B28F54E006B0E59 /* FirebaseAppDistribution-Beta */,
				C183E3052B28F54E006B0E59 /* FirebaseAuth */,
				C183E3072B28F54E006B0E59 /* FirebaseAuthCombine-Community */,
				C183E3092B28F54E006B0E59 /* FirebaseCrashlytics */,
				C183E30B2B28F54E006B0E59 /* FirebaseDatabase */,
				C183E30D2B28F54E006B0E59 /* FirebaseDatabaseSwift */,
				C183E30F2B28F54E006B0E59 /* FirebaseDynamicLinks */,
				C183E3112B28F54E006B0E59 /* FirebaseFirestore */,
				C183E3132B28F54E006B0E59 /* FirebaseFirestoreCombine-Community */,
				C183E3152B28F54E006B0E59 /* FirebaseFirestoreSwift */,
				C183E3172B28F54E006B0E59 /* FirebaseFunctions */,
				C183E3192B28F54E006B0E59 /* FirebaseFunctionsCombine-Community */,
				C183E31B2B28F54E006B0E59 /* FirebaseInAppMessaging-Beta */,
				C183E31D2B28F54E006B0E59 /* FirebaseInAppMessagingSwift-Beta */,
				C183E31F2B28F54E006B0E59 /* FirebaseInstallations */,
				C183E3212B28F54E006B0E59 /* FirebaseMLModelDownloader */,
				C183E3232B28F54E006B0E59 /* FirebaseMessaging */,
				C183E3252B28F54E006B0E59 /* FirebasePerformance */,
				C183E3272B28F54E006B0E59 /* FirebaseRemoteConfig */,
				C183E3292B28F54E006B0E59 /* FirebaseRemoteConfigSwift */,
				C183E32B2B28F54E006B0E59 /* FirebaseStorage */,
				C183E32D2B28F54E006B0E59 /* FirebaseStorageCombine-Community */,
			);
			productName = PearlV1;
			productReference = C1ADB0042B2373C900B1BE85 /* PearlV1.app */;
			productType = "com.apple.product-type.application";
		};
/* End PBXNativeTarget section */

/* Begin PBXProject section */
		C1ADAFFC2B2373C900B1BE85 /* Project object */ = {
			isa = PBXProject;
			attributes = {
				BuildIndependentTargetsInParallel = 1;
				LastSwiftUpdateCheck = 1500;
				LastUpgradeCheck = 1500;
				TargetAttributes = {
					C1ADB0032B2373C900B1BE85 = {
						CreatedOnToolsVersion = 15.0.1;
					};
				};
			};
			buildConfigurationList = C1ADAFFF2B2373C900B1BE85 /* Build configuration list for PBXProject "PearlV1" */;
			compatibilityVersion = "Xcode 14.0";
			developmentRegion = en;
			hasScannedForEncodings = 0;
			knownRegions = (
				en,
				Base,
			);
			mainGroup = C1ADAFFB2B2373C900B1BE85;
			packageReferences = (
				C183E2B62B28F24B006B0E59 /* XCRemoteSwiftPackageReference "firebase-ios-sdk" */,
			);
			productRefGroup = C1ADB0052B2373C900B1BE85 /* Products */;
			projectDirPath = "";
			projectRoot = "";
			targets = (
				C1ADB0032B2373C900B1BE85 /* PearlV1 */,
			);
		};
/* End PBXProject section */

/* Begin PBXResourcesBuildPhase section */
		C1ADB0022B2373C900B1BE85 /* Resources */ = {
			isa = PBXResourcesBuildPhase;
			buildActionMask = 2147483647;
			files = (
				C1ADB0112B2373CA00B1BE85 /* Preview Assets.xcassets in Resources */,
				C1ADB00E2B2373CA00B1BE85 /* Assets.xcassets in Resources */,
				C183E2C22B28F435006B0E59 /* GoogleService-Info.plist in Resources */,
			);
			runOnlyForDeploymentPostprocessing = 0;
		};
/* End PBXResourcesBuildPhase section */

/* Begin PBXSourcesBuildPhase section */
		C1ADB0002B2373C900B1BE85 /* Sources */ = {
			isa = PBXSourcesBuildPhase;
			buildActionMask = 2147483647;
			files = (
				C19FA0102B31F1C6008006A1 /* OTPView.swift in Sources */,
				C12AF3432B493F9800F7D618 /* TabBarItemView.swift in Sources */,
				C12AF3412B493F8800F7D618 /* TabBarView.swift in Sources */,
				C13A8DF22B263B8D00FA1725 /* OnBoardingViewContainer.swift in Sources */,
				C1ADB01B2B23759900B1BE85 /* OnBoardingModel.swift in Sources */,
				C12AF3452B49412400F7D618 /* Constants.swift in Sources */,
				C113F8D12B251DE300F809FB /* GFNextButton.swift in Sources */,
				C1277BC92B2BBDFE00A000D6 /* TabBarViewModel.swift in Sources */,
				C15D3A032B55B3BE0079C1F2 /* SignUpViewModel.swift in Sources */,
				C1ADB00A2B2373C900B1BE85 /* ContentView.swift in Sources */,
				C19FA0152B31F2A3008006A1 /* TimerView.swift in Sources */,
				C1ADB00C2B2373C900B1BE85 /* Item.swift in Sources */,
				C1D920192B2F8A650073E6D5 /* PasswordBox.swift in Sources */,
				C1277BCD2B2F6AEF00A000D6 /* TextBox.swift in Sources */,
				C1ADB01D2B23762700B1BE85 /* OnBoardingView.swift in Sources */,
				C1ADB0262B24ED5B00B1BE85 /* InitialView.swift in Sources */,
				C19FA0172B31F792008006A1 /* ChangePasswordView.swift in Sources */,
				C15D3A002B55B09A0079C1F2 /* SignUpView.swift in Sources */,
				C1ADB0082B2373C900B1BE85 /* PearlV1App.swift in Sources */,
				C13A8DF42B264C4500FA1725 /* GetstartedBTN.swift in Sources */,
				C1ADB0242B247BF000B1BE85 /* LoaderView.swift in Sources */,
				C19FA0132B31F20F008006A1 /* OTPViewModel.swift in Sources */,
				C1277BCF2B2F794C00A000D6 /* BackGroundGradient.swift in Sources */,
				C1ADB0222B23CF0400B1BE85 /* MainBTN.swift in Sources */,
				C113F8CA2B251D1F00F809FB /* SignInView.swift in Sources */,
				C19FA00D2B31E23A008006A1 /* RecoveryMethod.swift in Sources */,
				C1ADB0202B23CC0D00B1BE85 /* OTPTextField.swift in Sources */,
				C19FA0082B31D9FD008006A1 /* ForgotPasswordViewModel.swift in Sources */,
				C19FA00B2B31DA55008006A1 /* ForgotPasswordView.swift in Sources */,
				C1277BCB2B2F69F400A000D6 /* SignInViewModel.swift in Sources */,
				C19FA0192B320A06008006A1 /* PopupView.swift in Sources */,
			);
			runOnlyForDeploymentPostprocessing = 0;
		};
/* End PBXSourcesBuildPhase section */

/* Begin XCBuildConfiguration section */
		C1ADB0122B2373CA00B1BE85 /* Debug */ = {
			isa = XCBuildConfiguration;
			buildSettings = {
				ALWAYS_SEARCH_USER_PATHS = NO;
				ASSETCATALOG_COMPILER_GENERATE_SWIFT_ASSET_SYMBOL_EXTENSIONS = YES;
				CLANG_ANALYZER_NONNULL = YES;
				CLANG_ANALYZER_NUMBER_OBJECT_CONVERSION = YES_AGGRESSIVE;
				CLANG_CXX_LANGUAGE_STANDARD = "gnu++20";
				CLANG_ENABLE_MODULES = YES;
				CLANG_ENABLE_OBJC_ARC = YES;
				CLANG_ENABLE_OBJC_WEAK = YES;
				CLANG_WARN_BLOCK_CAPTURE_AUTORELEASING = YES;
				CLANG_WARN_BOOL_CONVERSION = YES;
				CLANG_WARN_COMMA = YES;
				CLANG_WARN_CONSTANT_CONVERSION = YES;
				CLANG_WARN_DEPRECATED_OBJC_IMPLEMENTATIONS = YES;
				CLANG_WARN_DIRECT_OBJC_ISA_USAGE = YES_ERROR;
				CLANG_WARN_DOCUMENTATION_COMMENTS = YES;
				CLANG_WARN_EMPTY_BODY = YES;
				CLANG_WARN_ENUM_CONVERSION = YES;
				CLANG_WARN_INFINITE_RECURSION = YES;
				CLANG_WARN_INT_CONVERSION = YES;
				CLANG_WARN_NON_LITERAL_NULL_CONVERSION = YES;
				CLANG_WARN_OBJC_IMPLICIT_RETAIN_SELF = YES;
				CLANG_WARN_OBJC_LITERAL_CONVERSION = YES;
				CLANG_WARN_OBJC_ROOT_CLASS = YES_ERROR;
				CLANG_WARN_QUOTED_INCLUDE_IN_FRAMEWORK_HEADER = YES;
				CLANG_WARN_RANGE_LOOP_ANALYSIS = YES;
				CLANG_WARN_STRICT_PROTOTYPES = YES;
				CLANG_WARN_SUSPICIOUS_MOVE = YES;
				CLANG_WARN_UNGUARDED_AVAILABILITY = YES_AGGRESSIVE;
				CLANG_WARN_UNREACHABLE_CODE = YES;
				CLANG_WARN__DUPLICATE_METHOD_MATCH = YES;
				COPY_PHASE_STRIP = NO;
				DEBUG_INFORMATION_FORMAT = dwarf;
				ENABLE_STRICT_OBJC_MSGSEND = YES;
				ENABLE_TESTABILITY = YES;
				ENABLE_USER_SCRIPT_SANDBOXING = YES;
				GCC_C_LANGUAGE_STANDARD = gnu17;
				GCC_DYNAMIC_NO_PIC = NO;
				GCC_NO_COMMON_BLOCKS = YES;
				GCC_OPTIMIZATION_LEVEL = 0;
				GCC_PREPROCESSOR_DEFINITIONS = (
					"DEBUG=1",
					"$(inherited)",
				);
				GCC_WARN_64_TO_32_BIT_CONVERSION = YES;
				GCC_WARN_ABOUT_RETURN_TYPE = YES_ERROR;
				GCC_WARN_UNDECLARED_SELECTOR = YES;
				GCC_WARN_UNINITIALIZED_AUTOS = YES_AGGRESSIVE;
				GCC_WARN_UNUSED_FUNCTION = YES;
				GCC_WARN_UNUSED_VARIABLE = YES;
				IPHONEOS_DEPLOYMENT_TARGET = 17.0;
				LOCALIZATION_PREFERS_STRING_CATALOGS = YES;
				MTL_ENABLE_DEBUG_INFO = INCLUDE_SOURCE;
				MTL_FAST_MATH = YES;
				ONLY_ACTIVE_ARCH = YES;
				SDKROOT = iphoneos;
				SWIFT_ACTIVE_COMPILATION_CONDITIONS = "DEBUG $(inherited)";
				SWIFT_OPTIMIZATION_LEVEL = "-Onone";
			};
			name = Debug;
		};
		C1ADB0132B2373CA00B1BE85 /* Release */ = {
			isa = XCBuildConfiguration;
			buildSettings = {
				ALWAYS_SEARCH_USER_PATHS = NO;
				ASSETCATALOG_COMPILER_GENERATE_SWIFT_ASSET_SYMBOL_EXTENSIONS = YES;
				CLANG_ANALYZER_NONNULL = YES;
				CLANG_ANALYZER_NUMBER_OBJECT_CONVERSION = YES_AGGRESSIVE;
				CLANG_CXX_LANGUAGE_STANDARD = "gnu++20";
				CLANG_ENABLE_MODULES = YES;
				CLANG_ENABLE_OBJC_ARC = YES;
				CLANG_ENABLE_OBJC_WEAK = YES;
				CLANG_WARN_BLOCK_CAPTURE_AUTORELEASING = YES;
				CLANG_WARN_BOOL_CONVERSION = YES;
				CLANG_WARN_COMMA = YES;
				CLANG_WARN_CONSTANT_CONVERSION = YES;
				CLANG_WARN_DEPRECATED_OBJC_IMPLEMENTATIONS = YES;
				CLANG_WARN_DIRECT_OBJC_ISA_USAGE = YES_ERROR;
				CLANG_WARN_DOCUMENTATION_COMMENTS = YES;
				CLANG_WARN_EMPTY_BODY = YES;
				CLANG_WARN_ENUM_CONVERSION = YES;
				CLANG_WARN_INFINITE_RECURSION = YES;
				CLANG_WARN_INT_CONVERSION = YES;
				CLANG_WARN_NON_LITERAL_NULL_CONVERSION = YES;
				CLANG_WARN_OBJC_IMPLICIT_RETAIN_SELF = YES;
				CLANG_WARN_OBJC_LITERAL_CONVERSION = YES;
				CLANG_WARN_OBJC_ROOT_CLASS = YES_ERROR;
				CLANG_WARN_QUOTED_INCLUDE_IN_FRAMEWORK_HEADER = YES;
				CLANG_WARN_RANGE_LOOP_ANALYSIS = YES;
				CLANG_WARN_STRICT_PROTOTYPES = YES;
				CLANG_WARN_SUSPICIOUS_MOVE = YES;
				CLANG_WARN_UNGUARDED_AVAILABILITY = YES_AGGRESSIVE;
				CLANG_WARN_UNREACHABLE_CODE = YES;
				CLANG_WARN__DUPLICATE_METHOD_MATCH = YES;
				COPY_PHASE_STRIP = NO;
				DEBUG_INFORMATION_FORMAT = "dwarf-with-dsym";
				ENABLE_NS_ASSERTIONS = NO;
				ENABLE_STRICT_OBJC_MSGSEND = YES;
				ENABLE_USER_SCRIPT_SANDBOXING = YES;
				GCC_C_LANGUAGE_STANDARD = gnu17;
				GCC_NO_COMMON_BLOCKS = YES;
				GCC_WARN_64_TO_32_BIT_CONVERSION = YES;
				GCC_WARN_ABOUT_RETURN_TYPE = YES_ERROR;
				GCC_WARN_UNDECLARED_SELECTOR = YES;
				GCC_WARN_UNINITIALIZED_AUTOS = YES_AGGRESSIVE;
				GCC_WARN_UNUSED_FUNCTION = YES;
				GCC_WARN_UNUSED_VARIABLE = YES;
				IPHONEOS_DEPLOYMENT_TARGET = 17.0;
				LOCALIZATION_PREFERS_STRING_CATALOGS = YES;
				MTL_ENABLE_DEBUG_INFO = NO;
				MTL_FAST_MATH = YES;
				SDKROOT = iphoneos;
				SWIFT_COMPILATION_MODE = wholemodule;
				VALIDATE_PRODUCT = YES;
			};
			name = Release;
		};
		C1ADB0152B2373CA00B1BE85 /* Debug */ = {
			isa = XCBuildConfiguration;
			buildSettings = {
				ASSETCATALOG_COMPILER_APPICON_NAME = AppIcon;
				ASSETCATALOG_COMPILER_GLOBAL_ACCENT_COLOR_NAME = AccentColor;
				CODE_SIGN_STYLE = Automatic;
				CURRENT_PROJECT_VERSION = 1;
				DEVELOPMENT_ASSET_PATHS = "\"PearlV1/Preview Content\"";
				DEVELOPMENT_TEAM = 9PHN32US5J;
				ENABLE_PREVIEWS = YES;
				GENERATE_INFOPLIST_FILE = YES;
				INFOPLIST_KEY_UIApplicationSceneManifest_Generation = YES;
				INFOPLIST_KEY_UIApplicationSupportsIndirectInputEvents = YES;
				INFOPLIST_KEY_UILaunchScreen_Generation = YES;
				INFOPLIST_KEY_UISupportedInterfaceOrientations_iPad = "UIInterfaceOrientationPortrait UIInterfaceOrientationPortraitUpsideDown UIInterfaceOrientationLandscapeLeft UIInterfaceOrientationLandscapeRight";
				INFOPLIST_KEY_UISupportedInterfaceOrientations_iPhone = "UIInterfaceOrientationPortrait UIInterfaceOrientationLandscapeLeft UIInterfaceOrientationLandscapeRight";
				LD_RUNPATH_SEARCH_PATHS = (
					"$(inherited)",
					"@executable_path/Frameworks",
				);
				MARKETING_VERSION = 1.0;
				PRODUCT_BUNDLE_IDENTIFIER = ElAmir.PearlV1;
				PRODUCT_NAME = "$(TARGET_NAME)";
				SWIFT_EMIT_LOC_STRINGS = YES;
				SWIFT_VERSION = 5.0;
				TARGETED_DEVICE_FAMILY = "1,2";
			};
			name = Debug;
		};
		C1ADB0162B2373CA00B1BE85 /* Release */ = {
			isa = XCBuildConfiguration;
			buildSettings = {
				ASSETCATALOG_COMPILER_APPICON_NAME = AppIcon;
				ASSETCATALOG_COMPILER_GLOBAL_ACCENT_COLOR_NAME = AccentColor;
				CODE_SIGN_STYLE = Automatic;
				CURRENT_PROJECT_VERSION = 1;
				DEVELOPMENT_ASSET_PATHS = "\"PearlV1/Preview Content\"";
				DEVELOPMENT_TEAM = 9PHN32US5J;
				ENABLE_PREVIEWS = YES;
				GENERATE_INFOPLIST_FILE = YES;
				INFOPLIST_KEY_UIApplicationSceneManifest_Generation = YES;
				INFOPLIST_KEY_UIApplicationSupportsIndirectInputEvents = YES;
				INFOPLIST_KEY_UILaunchScreen_Generation = YES;
				INFOPLIST_KEY_UISupportedInterfaceOrientations_iPad = "UIInterfaceOrientationPortrait UIInterfaceOrientationPortraitUpsideDown UIInterfaceOrientationLandscapeLeft UIInterfaceOrientationLandscapeRight";
				INFOPLIST_KEY_UISupportedInterfaceOrientations_iPhone = "UIInterfaceOrientationPortrait UIInterfaceOrientationLandscapeLeft UIInterfaceOrientationLandscapeRight";
				LD_RUNPATH_SEARCH_PATHS = (
					"$(inherited)",
					"@executable_path/Frameworks",
				);
				MARKETING_VERSION = 1.0;
				PRODUCT_BUNDLE_IDENTIFIER = ElAmir.PearlV1;
				PRODUCT_NAME = "$(TARGET_NAME)";
				SWIFT_EMIT_LOC_STRINGS = YES;
				SWIFT_VERSION = 5.0;
				TARGETED_DEVICE_FAMILY = "1,2";
			};
			name = Release;
		};
/* End XCBuildConfiguration section */

/* Begin XCConfigurationList section */
		C1ADAFFF2B2373C900B1BE85 /* Build configuration list for PBXProject "PearlV1" */ = {
			isa = XCConfigurationList;
			buildConfigurations = (
				C1ADB0122B2373CA00B1BE85 /* Debug */,
				C1ADB0132B2373CA00B1BE85 /* Release */,
			);
			defaultConfigurationIsVisible = 0;
			defaultConfigurationName = Release;
		};
		C1ADB0142B2373CA00B1BE85 /* Build configuration list for PBXNativeTarget "PearlV1" */ = {
			isa = XCConfigurationList;
			buildConfigurations = (
				C1ADB0152B2373CA00B1BE85 /* Debug */,
				C1ADB0162B2373CA00B1BE85 /* Release */,
			);
			defaultConfigurationIsVisible = 0;
			defaultConfigurationName = Release;
		};
/* End XCConfigurationList section */

/* Begin XCRemoteSwiftPackageReference section */
		C183E2B62B28F24B006B0E59 /* XCRemoteSwiftPackageReference "firebase-ios-sdk" */ = {
			isa = XCRemoteSwiftPackageReference;
			repositoryURL = "https://github.com/firebase/firebase-ios-sdk";
			requirement = {
				kind = upToNextMajorVersion;
				minimumVersion = 10.19.0;
			};
		};
/* End XCRemoteSwiftPackageReference section */

/* Begin XCSwiftPackageProductDependency section */
		C183E2B72B28F24B006B0E59 /* FirebaseAnalytics */ = {
			isa = XCSwiftPackageProductDependency;
			package = C183E2B62B28F24B006B0E59 /* XCRemoteSwiftPackageReference "firebase-ios-sdk" */;
			productName = FirebaseAnalytics;
		};
		C183E2B92B28F24B006B0E59 /* FirebaseAnalyticsOnDeviceConversion */ = {
			isa = XCSwiftPackageProductDependency;
			package = C183E2B62B28F24B006B0E59 /* XCRemoteSwiftPackageReference "firebase-ios-sdk" */;
			productName = FirebaseAnalyticsOnDeviceConversion;
		};
		C183E2BB2B28F24B006B0E59 /* FirebaseAnalyticsSwift */ = {
			isa = XCSwiftPackageProductDependency;
			package = C183E2B62B28F24B006B0E59 /* XCRemoteSwiftPackageReference "firebase-ios-sdk" */;
			productName = FirebaseAnalyticsSwift;
		};
		C183E2BD2B28F24B006B0E59 /* FirebaseAnalyticsWithoutAdIdSupport */ = {
			isa = XCSwiftPackageProductDependency;
			package = C183E2B62B28F24B006B0E59 /* XCRemoteSwiftPackageReference "firebase-ios-sdk" */;
			productName = FirebaseAnalyticsWithoutAdIdSupport;
		};
		C183E2BF2B28F24B006B0E59 /* FirebaseAppCheck */ = {
			isa = XCSwiftPackageProductDependency;
			package = C183E2B62B28F24B006B0E59 /* XCRemoteSwiftPackageReference "firebase-ios-sdk" */;
			productName = FirebaseAppCheck;
		};
		C183E2C32B28F50A006B0E59 /* FirebaseAnalytics */ = {
			isa = XCSwiftPackageProductDependency;
			package = C183E2B62B28F24B006B0E59 /* XCRemoteSwiftPackageReference "firebase-ios-sdk" */;
			productName = FirebaseAnalytics;
		};
		C183E2C52B28F50A006B0E59 /* FirebaseAnalyticsOnDeviceConversion */ = {
			isa = XCSwiftPackageProductDependency;
			package = C183E2B62B28F24B006B0E59 /* XCRemoteSwiftPackageReference "firebase-ios-sdk" */;
			productName = FirebaseAnalyticsOnDeviceConversion;
		};
		C183E2C72B28F50A006B0E59 /* FirebaseAnalyticsSwift */ = {
			isa = XCSwiftPackageProductDependency;
			package = C183E2B62B28F24B006B0E59 /* XCRemoteSwiftPackageReference "firebase-ios-sdk" */;
			productName = FirebaseAnalyticsSwift;
		};
		C183E2C92B28F50A006B0E59 /* FirebaseAnalyticsWithoutAdIdSupport */ = {
			isa = XCSwiftPackageProductDependency;
			package = C183E2B62B28F24B006B0E59 /* XCRemoteSwiftPackageReference "firebase-ios-sdk" */;
			productName = FirebaseAnalyticsWithoutAdIdSupport;
		};
		C183E2CB2B28F50A006B0E59 /* FirebaseAppCheck */ = {
			isa = XCSwiftPackageProductDependency;
			package = C183E2B62B28F24B006B0E59 /* XCRemoteSwiftPackageReference "firebase-ios-sdk" */;
			productName = FirebaseAppCheck;
		};
		C183E2CD2B28F50A006B0E59 /* FirebaseAppDistribution-Beta */ = {
			isa = XCSwiftPackageProductDependency;
			package = C183E2B62B28F24B006B0E59 /* XCRemoteSwiftPackageReference "firebase-ios-sdk" */;
			productName = "FirebaseAppDistribution-Beta";
		};
		C183E2CF2B28F50A006B0E59 /* FirebaseAuth */ = {
			isa = XCSwiftPackageProductDependency;
			package = C183E2B62B28F24B006B0E59 /* XCRemoteSwiftPackageReference "firebase-ios-sdk" */;
			productName = FirebaseAuth;
		};
		C183E2D12B28F50A006B0E59 /* FirebaseAuthCombine-Community */ = {
			isa = XCSwiftPackageProductDependency;
			package = C183E2B62B28F24B006B0E59 /* XCRemoteSwiftPackageReference "firebase-ios-sdk" */;
			productName = "FirebaseAuthCombine-Community";
		};
		C183E2D32B28F50A006B0E59 /* FirebaseCrashlytics */ = {
			isa = XCSwiftPackageProductDependency;
			package = C183E2B62B28F24B006B0E59 /* XCRemoteSwiftPackageReference "firebase-ios-sdk" */;
			productName = FirebaseCrashlytics;
		};
		C183E2D52B28F50A006B0E59 /* FirebaseDatabase */ = {
			isa = XCSwiftPackageProductDependency;
			package = C183E2B62B28F24B006B0E59 /* XCRemoteSwiftPackageReference "firebase-ios-sdk" */;
			productName = FirebaseDatabase;
		};
		C183E2D72B28F50A006B0E59 /* FirebaseDatabaseSwift */ = {
			isa = XCSwiftPackageProductDependency;
			package = C183E2B62B28F24B006B0E59 /* XCRemoteSwiftPackageReference "firebase-ios-sdk" */;
			productName = FirebaseDatabaseSwift;
		};
		C183E2D92B28F50A006B0E59 /* FirebaseDynamicLinks */ = {
			isa = XCSwiftPackageProductDependency;
			package = C183E2B62B28F24B006B0E59 /* XCRemoteSwiftPackageReference "firebase-ios-sdk" */;
			productName = FirebaseDynamicLinks;
		};
		C183E2DB2B28F50A006B0E59 /* FirebaseFirestore */ = {
			isa = XCSwiftPackageProductDependency;
			package = C183E2B62B28F24B006B0E59 /* XCRemoteSwiftPackageReference "firebase-ios-sdk" */;
			productName = FirebaseFirestore;
		};
		C183E2DD2B28F50A006B0E59 /* FirebaseFirestoreCombine-Community */ = {
			isa = XCSwiftPackageProductDependency;
			package = C183E2B62B28F24B006B0E59 /* XCRemoteSwiftPackageReference "firebase-ios-sdk" */;
			productName = "FirebaseFirestoreCombine-Community";
		};
		C183E2DF2B28F50A006B0E59 /* FirebaseFirestoreSwift */ = {
			isa = XCSwiftPackageProductDependency;
			package = C183E2B62B28F24B006B0E59 /* XCRemoteSwiftPackageReference "firebase-ios-sdk" */;
			productName = FirebaseFirestoreSwift;
		};
		C183E2E12B28F50A006B0E59 /* FirebaseFunctions */ = {
			isa = XCSwiftPackageProductDependency;
			package = C183E2B62B28F24B006B0E59 /* XCRemoteSwiftPackageReference "firebase-ios-sdk" */;
			productName = FirebaseFunctions;
		};
		C183E2E32B28F50A006B0E59 /* FirebaseFunctionsCombine-Community */ = {
			isa = XCSwiftPackageProductDependency;
			package = C183E2B62B28F24B006B0E59 /* XCRemoteSwiftPackageReference "firebase-ios-sdk" */;
			productName = "FirebaseFunctionsCombine-Community";
		};
		C183E2E52B28F50A006B0E59 /* FirebaseInAppMessaging-Beta */ = {
			isa = XCSwiftPackageProductDependency;
			package = C183E2B62B28F24B006B0E59 /* XCRemoteSwiftPackageReference "firebase-ios-sdk" */;
			productName = "FirebaseInAppMessaging-Beta";
		};
		C183E2E72B28F50A006B0E59 /* FirebaseInAppMessagingSwift-Beta */ = {
			isa = XCSwiftPackageProductDependency;
			package = C183E2B62B28F24B006B0E59 /* XCRemoteSwiftPackageReference "firebase-ios-sdk" */;
			productName = "FirebaseInAppMessagingSwift-Beta";
		};
		C183E2E92B28F50A006B0E59 /* FirebaseInstallations */ = {
			isa = XCSwiftPackageProductDependency;
			package = C183E2B62B28F24B006B0E59 /* XCRemoteSwiftPackageReference "firebase-ios-sdk" */;
			productName = FirebaseInstallations;
		};
		C183E2EB2B28F50A006B0E59 /* FirebaseMLModelDownloader */ = {
			isa = XCSwiftPackageProductDependency;
			package = C183E2B62B28F24B006B0E59 /* XCRemoteSwiftPackageReference "firebase-ios-sdk" */;
			productName = FirebaseMLModelDownloader;
		};
		C183E2ED2B28F50A006B0E59 /* FirebaseMessaging */ = {
			isa = XCSwiftPackageProductDependency;
			package = C183E2B62B28F24B006B0E59 /* XCRemoteSwiftPackageReference "firebase-ios-sdk" */;
			productName = FirebaseMessaging;
		};
		C183E2EF2B28F50A006B0E59 /* FirebasePerformance */ = {
			isa = XCSwiftPackageProductDependency;
			package = C183E2B62B28F24B006B0E59 /* XCRemoteSwiftPackageReference "firebase-ios-sdk" */;
			productName = FirebasePerformance;
		};
		C183E2F12B28F50A006B0E59 /* FirebaseRemoteConfig */ = {
			isa = XCSwiftPackageProductDependency;
			package = C183E2B62B28F24B006B0E59 /* XCRemoteSwiftPackageReference "firebase-ios-sdk" */;
			productName = FirebaseRemoteConfig;
		};
		C183E2F32B28F50A006B0E59 /* FirebaseRemoteConfigSwift */ = {
			isa = XCSwiftPackageProductDependency;
			package = C183E2B62B28F24B006B0E59 /* XCRemoteSwiftPackageReference "firebase-ios-sdk" */;
			productName = FirebaseRemoteConfigSwift;
		};
		C183E2F52B28F50A006B0E59 /* FirebaseStorage */ = {
			isa = XCSwiftPackageProductDependency;
			package = C183E2B62B28F24B006B0E59 /* XCRemoteSwiftPackageReference "firebase-ios-sdk" */;
			productName = FirebaseStorage;
		};
		C183E2F72B28F50A006B0E59 /* FirebaseStorageCombine-Community */ = {
			isa = XCSwiftPackageProductDependency;
			package = C183E2B62B28F24B006B0E59 /* XCRemoteSwiftPackageReference "firebase-ios-sdk" */;
			productName = "FirebaseStorageCombine-Community";
		};
		C183E2F92B28F54E006B0E59 /* FirebaseAnalytics */ = {
			isa = XCSwiftPackageProductDependency;
			package = C183E2B62B28F24B006B0E59 /* XCRemoteSwiftPackageReference "firebase-ios-sdk" */;
			productName = FirebaseAnalytics;
		};
		C183E2FB2B28F54E006B0E59 /* FirebaseAnalyticsOnDeviceConversion */ = {
			isa = XCSwiftPackageProductDependency;
			package = C183E2B62B28F24B006B0E59 /* XCRemoteSwiftPackageReference "firebase-ios-sdk" */;
			productName = FirebaseAnalyticsOnDeviceConversion;
		};
		C183E2FD2B28F54E006B0E59 /* FirebaseAnalyticsSwift */ = {
			isa = XCSwiftPackageProductDependency;
			package = C183E2B62B28F24B006B0E59 /* XCRemoteSwiftPackageReference "firebase-ios-sdk" */;
			productName = FirebaseAnalyticsSwift;
		};
		C183E2FF2B28F54E006B0E59 /* FirebaseAnalyticsWithoutAdIdSupport */ = {
			isa = XCSwiftPackageProductDependency;
			package = C183E2B62B28F24B006B0E59 /* XCRemoteSwiftPackageReference "firebase-ios-sdk" */;
			productName = FirebaseAnalyticsWithoutAdIdSupport;
		};
		C183E3012B28F54E006B0E59 /* FirebaseAppCheck */ = {
			isa = XCSwiftPackageProductDependency;
			package = C183E2B62B28F24B006B0E59 /* XCRemoteSwiftPackageReference "firebase-ios-sdk" */;
			productName = FirebaseAppCheck;
		};
		C183E3032B28F54E006B0E59 /* FirebaseAppDistribution-Beta */ = {
			isa = XCSwiftPackageProductDependency;
			package = C183E2B62B28F24B006B0E59 /* XCRemoteSwiftPackageReference "firebase-ios-sdk" */;
			productName = "FirebaseAppDistribution-Beta";
		};
		C183E3052B28F54E006B0E59 /* FirebaseAuth */ = {
			isa = XCSwiftPackageProductDependency;
			package = C183E2B62B28F24B006B0E59 /* XCRemoteSwiftPackageReference "firebase-ios-sdk" */;
			productName = FirebaseAuth;
		};
		C183E3072B28F54E006B0E59 /* FirebaseAuthCombine-Community */ = {
			isa = XCSwiftPackageProductDependency;
			package = C183E2B62B28F24B006B0E59 /* XCRemoteSwiftPackageReference "firebase-ios-sdk" */;
			productName = "FirebaseAuthCombine-Community";
		};
		C183E3092B28F54E006B0E59 /* FirebaseCrashlytics */ = {
			isa = XCSwiftPackageProductDependency;
			package = C183E2B62B28F24B006B0E59 /* XCRemoteSwiftPackageReference "firebase-ios-sdk" */;
			productName = FirebaseCrashlytics;
		};
		C183E30B2B28F54E006B0E59 /* FirebaseDatabase */ = {
			isa = XCSwiftPackageProductDependency;
			package = C183E2B62B28F24B006B0E59 /* XCRemoteSwiftPackageReference "firebase-ios-sdk" */;
			productName = FirebaseDatabase;
		};
		C183E30D2B28F54E006B0E59 /* FirebaseDatabaseSwift */ = {
			isa = XCSwiftPackageProductDependency;
			package = C183E2B62B28F24B006B0E59 /* XCRemoteSwiftPackageReference "firebase-ios-sdk" */;
			productName = FirebaseDatabaseSwift;
		};
		C183E30F2B28F54E006B0E59 /* FirebaseDynamicLinks */ = {
			isa = XCSwiftPackageProductDependency;
			package = C183E2B62B28F24B006B0E59 /* XCRemoteSwiftPackageReference "firebase-ios-sdk" */;
			productName = FirebaseDynamicLinks;
		};
		C183E3112B28F54E006B0E59 /* FirebaseFirestore */ = {
			isa = XCSwiftPackageProductDependency;
			package = C183E2B62B28F24B006B0E59 /* XCRemoteSwiftPackageReference "firebase-ios-sdk" */;
			productName = FirebaseFirestore;
		};
		C183E3132B28F54E006B0E59 /* FirebaseFirestoreCombine-Community */ = {
			isa = XCSwiftPackageProductDependency;
			package = C183E2B62B28F24B006B0E59 /* XCRemoteSwiftPackageReference "firebase-ios-sdk" */;
			productName = "FirebaseFirestoreCombine-Community";
		};
		C183E3152B28F54E006B0E59 /* FirebaseFirestoreSwift */ = {
			isa = XCSwiftPackageProductDependency;
			package = C183E2B62B28F24B006B0E59 /* XCRemoteSwiftPackageReference "firebase-ios-sdk" */;
			productName = FirebaseFirestoreSwift;
		};
		C183E3172B28F54E006B0E59 /* FirebaseFunctions */ = {
			isa = XCSwiftPackageProductDependency;
			package = C183E2B62B28F24B006B0E59 /* XCRemoteSwiftPackageReference "firebase-ios-sdk" */;
			productName = FirebaseFunctions;
		};
		C183E3192B28F54E006B0E59 /* FirebaseFunctionsCombine-Community */ = {
			isa = XCSwiftPackageProductDependency;
			package = C183E2B62B28F24B006B0E59 /* XCRemoteSwiftPackageReference "firebase-ios-sdk" */;
			productName = "FirebaseFunctionsCombine-Community";
		};
		C183E31B2B28F54E006B0E59 /* FirebaseInAppMessaging-Beta */ = {
			isa = XCSwiftPackageProductDependency;
			package = C183E2B62B28F24B006B0E59 /* XCRemoteSwiftPackageReference "firebase-ios-sdk" */;
			productName = "FirebaseInAppMessaging-Beta";
		};
		C183E31D2B28F54E006B0E59 /* FirebaseInAppMessagingSwift-Beta */ = {
			isa = XCSwiftPackageProductDependency;
			package = C183E2B62B28F24B006B0E59 /* XCRemoteSwiftPackageReference "firebase-ios-sdk" */;
			productName = "FirebaseInAppMessagingSwift-Beta";
		};
		C183E31F2B28F54E006B0E59 /* FirebaseInstallations */ = {
			isa = XCSwiftPackageProductDependency;
			package = C183E2B62B28F24B006B0E59 /* XCRemoteSwiftPackageReference "firebase-ios-sdk" */;
			productName = FirebaseInstallations;
		};
		C183E3212B28F54E006B0E59 /* FirebaseMLModelDownloader */ = {
			isa = XCSwiftPackageProductDependency;
			package = C183E2B62B28F24B006B0E59 /* XCRemoteSwiftPackageReference "firebase-ios-sdk" */;
			productName = FirebaseMLModelDownloader;
		};
		C183E3232B28F54E006B0E59 /* FirebaseMessaging */ = {
			isa = XCSwiftPackageProductDependency;
			package = C183E2B62B28F24B006B0E59 /* XCRemoteSwiftPackageReference "firebase-ios-sdk" */;
			productName = FirebaseMessaging;
		};
		C183E3252B28F54E006B0E59 /* FirebasePerformance */ = {
			isa = XCSwiftPackageProductDependency;
			package = C183E2B62B28F24B006B0E59 /* XCRemoteSwiftPackageReference "firebase-ios-sdk" */;
			productName = FirebasePerformance;
		};
		C183E3272B28F54E006B0E59 /* FirebaseRemoteConfig */ = {
			isa = XCSwiftPackageProductDependency;
			package = C183E2B62B28F24B006B0E59 /* XCRemoteSwiftPackageReference "firebase-ios-sdk" */;
			productName = FirebaseRemoteConfig;
		};
		C183E3292B28F54E006B0E59 /* FirebaseRemoteConfigSwift */ = {
			isa = XCSwiftPackageProductDependency;
			package = C183E2B62B28F24B006B0E59 /* XCRemoteSwiftPackageReference "firebase-ios-sdk" */;
			productName = FirebaseRemoteConfigSwift;
		};
		C183E32B2B28F54E006B0E59 /* FirebaseStorage */ = {
			isa = XCSwiftPackageProductDependency;
			package = C183E2B62B28F24B006B0E59 /* XCRemoteSwiftPackageReference "firebase-ios-sdk" */;
			productName = FirebaseStorage;
		};
		C183E32D2B28F54E006B0E59 /* FirebaseStorageCombine-Community */ = {
			isa = XCSwiftPackageProductDependency;
			package = C183E2B62B28F24B006B0E59 /* XCRemoteSwiftPackageReference "firebase-ios-sdk" */;
			productName = "FirebaseStorageCombine-Community";
		};
/* End XCSwiftPackageProductDependency section */
	};
	rootObject = C1ADAFFC2B2373C900B1BE85 /* Project object */;
}
